
Microsoft Visual Studio Solution File, Format Version 12.00
# Visual Studio 2013
VisualStudioVersion = 12.0.21005.1
MinimumVisualStudioVersion = 10.0.40219.1
Project("{FAE04EC0-301F-11D3-BF4B-00C04F79EFBC}") = "atlassed", "atlassed\atlassed.csproj", "{BDFDDBAF-925C-4C15-BCC5-F6BBDE5E2DF8}"
EndProject
Global
	GlobalSection(SolutionConfigurationPlatforms) = preSolution
		Debug|Any CPU = Debug|Any CPU
		Release|Any CPU = Release|Any CPU
	EndGlobalSection
	GlobalSection(ProjectConfigurationPlatforms) = postSolution
		{BDFDDBAF-925C-4C15-BCC5-F6BBDE5E2DF8}.Debug|Any CPU.ActiveCfg = Debug|Any CPU
		{BDFDDBAF-925C-4C15-BCC5-F6BBDE5E2DF8}.Debug|Any CPU.Build.0 = Debug|Any CPU
		{BDFDDBAF-925C-4C15-BCC5-F6BBDE5E2DF8}.Release|Any CPU.ActiveCfg = Release|Any CPU
		{BDFDDBAF-925C-4C15-BCC5-F6BBDE5E2DF8}.Release|Any CPU.Build.0 = Release|Any CPU
		{A84461F1-344D-4723-BA83-694871A67AB7}.Debug|Any CPU.ActiveCfg = Debug|Any CPU
		{A84461F1-344D-4723-BA83-694871A67AB7}.Debug|Any CPU.Build.0 = Debug|Any CPU
		{A84461F1-344D-4723-BA83-694871A67AB7}.Release|Any CPU.ActiveCfg = Release|Any CPU
		{A84461F1-344D-4723-BA83-694871A67AB7}.Release|Any CPU.Build.0 = Release|Any CPU
	EndGlobalSection
	GlobalSection(SolutionProperties) = preSolution
		HideSolutionNode = FALSE
	EndGlobalSection
EndGlobal
